// !$*UTF8*$!
{
	archiveVersion = 1;
	classes = {
	};
	objectVersion = 46;
	objects = {

/* Begin PBXBuildFile section */
		6525B0891D81138A005DAF97 /* AppDelegate.swift in Sources */ = {isa = PBXBuildFile; fileRef = 6525B0881D81138A005DAF97 /* AppDelegate.swift */; };
		6525B08B1D81138A005DAF97 /* ViewController.swift in Sources */ = {isa = PBXBuildFile; fileRef = 6525B08A1D81138A005DAF97 /* ViewController.swift */; };
		6525B08E1D81138A005DAF97 /* Main.storyboard in Resources */ = {isa = PBXBuildFile; fileRef = 6525B08C1D81138A005DAF97 /* Main.storyboard */; };
		6525B0901D81138A005DAF97 /* Assets.xcassets in Resources */ = {isa = PBXBuildFile; fileRef = 6525B08F1D81138A005DAF97 /* Assets.xcassets */; };
		6525B0931D81138A005DAF97 /* LaunchScreen.storyboard in Resources */ = {isa = PBXBuildFile; fileRef = 6525B0911D81138A005DAF97 /* LaunchScreen.storyboard */; };
		65B4463C1E1492FC006F81B5 /* secondVC.swift in Sources */ = {isa = PBXBuildFile; fileRef = 65B4463B1E1492FC006F81B5 /* secondVC.swift */; };
/* End PBXBuildFile section */

/* Begin PBXFileReference section */
		6525B0851D81138A005DAF97 /* Pills.app */ = {isa = PBXFileReference; explicitFileType = wrapper.application; includeInIndex = 0; path = Pills.app; sourceTree = BUILT_PRODUCTS_DIR; };
		6525B0881D81138A005DAF97 /* AppDelegate.swift */ = {isa = PBXFileReference; lastKnownFileType = sourcecode.swift; path = AppDelegate.swift; sourceTree = "<group>"; };
		6525B08A1D81138A005DAF97 /* ViewController.swift */ = {isa = PBXFileReference; lastKnownFileType = sourcecode.swift; path = ViewController.swift; sourceTree = "<group>"; };
		6525B08D1D81138A005DAF97 /* Base */ = {isa = PBXFileReference; lastKnownFileType = file.storyboard; name = Base; path = Base.lproj/Main.storyboard; sourceTree = "<group>"; };
		6525B08F1D81138A005DAF97 /* Assets.xcassets */ = {isa = PBXFileReference; lastKnownFileType = folder.assetcatalog; path = Assets.xcassets; sourceTree = "<group>"; };
		6525B0921D81138A005DAF97 /* Base */ = {isa = PBXFileReference; lastKnownFileType = file.storyboard; name = Base; path = Base.lproj/LaunchScreen.storyboard; sourceTree = "<group>"; };
		6525B0941D81138A005DAF97 /* Info.plist */ = {isa = PBXFileReference; lastKnownFileType = text.plist.xml; path = Info.plist; sourceTree = "<group>"; };
		65B4463B1E1492FC006F81B5 /* secondVC.swift */ = {isa = PBXFileReference; fileEncoding = 4; lastKnownFileType = sourcecode.swift; path = secondVC.swift; sourceTree = "<group>"; };
/* End PBXFileReference section */

/* Begin PBXFrameworksBuildPhase section */
		6525B0821D811389005DAF97 /* Frameworks */ = {
			isa = PBXFrameworksBuildPhase;
			buildActionMask = 2147483647;
			files = (
			);
			runOnlyForDeploymentPostprocessing = 0;
		};
/* End PBXFrameworksBuildPhase section */

/* Begin PBXGroup section */
		6525B07C1D811389005DAF97 = {
			isa = PBXGroup;
			children = (
				6525B0871D81138A005DAF97 /* Pills */,
				6525B0861D81138A005DAF97 /* Products */,
			);
			sourceTree = "<group>";
		};
		6525B0861D81138A005DAF97 /* Products */ = {
			isa = PBXGroup;
			children = (
				6525B0851D81138A005DAF97 /* Pills.app */,
			);
			name = Products;
			sourceTree = "<group>";
		};
		6525B0871D81138A005DAF97 /* Pills */ = {
			isa = PBXGroup;
			children = (
				6525B0881D81138A005DAF97 /* AppDelegate.swift */,
				6525B08A1D81138A005DAF97 /* ViewController.swift */,
				6525B08C1D81138A005DAF97 /* Main.storyboard */,
				65B4463B1E1492FC006F81B5 /* secondVC.swift */,
				6525B08F1D81138A005DAF97 /* Assets.xcassets */,
				6525B0911D81138A005DAF97 /* LaunchScreen.storyboard */,
				6525B0941D81138A005DAF97 /* Info.plist */,
			);
			path = Pills;
			sourceTree = "<group>";
		};
/* End PBXGroup section */

/* Begin PBXNativeTarget section */
		6525B0841D811389005DAF97 /* Pills */ = {
			isa = PBXNativeTarget;
			buildConfigurationList = 6525B0971D81138A005DAF97 /* Build configuration list for PBXNativeTarget "Pills" */;
			buildPhases = (
				6525B0811D811389005DAF97 /* Sources */,
				6525B0821D811389005DAF97 /* Frameworks */,
				6525B0831D811389005DAF97 /* Resources */,
			);
			buildRules = (
			);
			dependencies = (
			);
			name = Pills;
			productName = Pills;
			productReference = 6525B0851D81138A005DAF97 /* Pills.app */;
			productType = "com.apple.product-type.application";
		};
/* End PBXNativeTarget section */

/* Begin PBXProject section */
		6525B07D1D811389005DAF97 /* Project object */ = {
			isa = PBXProject;
			attributes = {
				LastSwiftUpdateCheck = 0800;
				LastUpgradeCheck = 0800;
				ORGANIZATIONNAME = "David Boles";
				TargetAttributes = {
					6525B0841D811389005DAF97 = {
						CreatedOnToolsVersion = 8.0;
						DevelopmentTeam = 92A3F59JUA;
						ProvisioningStyle = Automatic;
					};
				};
			};
			buildConfigurationList = 6525B0801D811389005DAF97 /* Build configuration list for PBXProject "Pills" */;
			compatibilityVersion = "Xcode 3.2";
			developmentRegion = English;
			hasScannedForEncodings = 0;
			knownRegions = (
				en,
				Base,
			);
			mainGroup = 6525B07C1D811389005DAF97;
			productRefGroup = 6525B0861D81138A005DAF97 /* Products */;
			projectDirPath = "";
			projectRoot = "";
			targets = (
				6525B0841D811389005DAF97 /* Pills */,
			);
		};
/* End PBXProject section */

/* Begin PBXResourcesBuildPhase section */
		6525B0831D811389005DAF97 /* Resources */ = {
			isa = PBXResourcesBuildPhase;
			buildActionMask = 2147483647;
			files = (
				6525B0931D81138A005DAF97 /* LaunchScreen.storyboard in Resources */,
				6525B0901D81138A005DAF97 /* Assets.xcassets in Resources */,
				6525B08E1D81138A005DAF97 /* Main.storyboard in Resources */,
			);
			runOnlyForDeploymentPostprocessing = 0;
		};
/* End PBXResourcesBuildPhase section */

/* Begin PBXSourcesBuildPhase section */
		6525B0811D811389005DAF97 /* Sources */ = {
			isa = PBXSourcesBuildPhase;
			buildActionMask = 2147483647;
			files = (
				65B4463C1E1492FC006F81B5 /* secondVC.swift in Sources */,
				6525B08B1D81138A005DAF97 /* ViewController.swift in Sources */,
				6525B0891D81138A005DAF97 /* AppDelegate.swift in Sources */,
			);
			runOnlyForDeploymentPostprocessing = 0;
		};
/* End PBXSourcesBuildPhase section */

/* Begin PBXVariantGroup section */
		6525B08C1D81138A005DAF97 /* Main.storyboard */ = {
			isa = PBXVariantGroup;
			children = (
				6525B08D1D81138A005DAF97 /* Base */,
			);
			name = Main.storyboard;
			sourceTree = "<group>";
		};
		6525B0911D81138A005DAF97 /* LaunchScreen.storyboard */ = {
			isa = PBXVariantGroup;
			children = (
				6525B0921D81138A005DAF97 /* Base */,
			);
			name = LaunchScreen.storyboard;
			sourceTree = "<group>";
		};
/* End PBXVariantGroup section */

/* Begin XCBuildConfiguration section */
		6525B0951D81138A005DAF97 /* Debug */ = {
			isa = XCBuildConfiguration;
			buildSettings = {
				ALWAYS_SEARCH_USER_PATHS = NO;
				CLANG_ANALYZER_NONNULL = YES;
				CLANG_CXX_LANGUAGE_STANDARD = "gnu++0x";
				CLANG_CXX_LIBRARY = "libc++";
				CLANG_ENABLE_MODULES = YES;
				CLANG_ENABLE_OBJC_ARC = YES;
				CLANG_WARN_BOOL_CONVERSION = YES;
				CLANG_WARN_CONSTANT_CONVERSION = YES;
				CLANG_WARN_DIRECT_OBJC_ISA_USAGE = YES_ERROR;
				CLANG_WARN_DOCUMENTATION_COMMENTS = YES;
				CLANG_WARN_EMPTY_BODY = YES;
				CLANG_WARN_ENUM_CONVERSION = YES;
				CLANG_WARN_INFINITE_RECURSION = YES;
				CLANG_WARN_INT_CONVERSION = YES;
				CLANG_WARN_OBJC_ROOT_CLASS = YES_ERROR;
				CLANG_WARN_SUSPICIOUS_MOVES = YES;
				CLANG_WARN_UNREACHABLE_CODE = YES;
				CLANG_WARN__DUPLICATE_METHOD_MATCH = YES;
				"CODE_SIGN_IDENTITY[sdk=iphoneos*]" = "iPhone Developer";
				COPY_PHASE_STRIP = NO;
				DEBUG_INFORMATION_FORMAT = dwarf;
				ENABLE_STRICT_OBJC_MSGSEND = YES;
				ENABLE_TESTABILITY = YES;
				GCC_C_LANGUAGE_STANDARD = gnu99;
				GCC_DYNAMIC_NO_PIC = NO;
				GCC_NO_COMMON_BLOCKS = YES;
				GCC_OPTIMIZATION_LEVEL = 0;
				GCC_PREPROCESSOR_DEFINITIONS = (
					"DEBUG=1",
					"$(inherited)",
				);
				GCC_WARN_64_TO_32_BIT_CONVERSION = YES;
				GCC_WARN_ABOUT_RETURN_TYPE = YES_ERROR;
				GCC_WARN_UNDECLARED_SELECTOR = YES;
				GCC_WARN_UNINITIALIZED_AUTOS = YES_AGGRESSIVE;
				GCC_WARN_UNUSED_FUNCTION = YES;
				GCC_WARN_UNUSED_VARIABLE = YES;
				IPHONEOS_DEPLOYMENT_TARGET = 10.0;
				MTL_ENABLE_DEBUG_INFO = YES;
				ONLY_ACTIVE_ARCH = YES;
				SDKROOT = iphoneos;
				SWIFT_ACTIVE_COMPILATION_CONDITIONS = DEBUG;
				SWIFT_OPTIMIZATION_LEVEL = "-Onone";
				TARGETED_DEVICE_FAMILY = "1,2";
			};
			name = Debug;
		};
		6525B0961D81138A005DAF97 /* Release */ = {
			isa = XCBuildConfiguration;
			buildSettings = {
				ALWAYS_SEARCH_USER_PATHS = NO;
				CLANG_ANALYZER_NONNULL = YES;
				CLANG_CXX_LANGUAGE_STANDARD = "gnu++0x";
				CLANG_CXX_LIBRARY = "libc++";
				CLANG_ENABLE_MODULES = YES;
				CLANG_ENABLE_OBJC_ARC = YES;
				CLANG_WARN_BOOL_CONVERSION = YES;
				CLANG_WARN_CONSTANT_CONVERSION = YES;
				CLANG_WARN_DIRECT_OBJC_ISA_USAGE = YES_ERROR;
				CLANG_WARN_DOCUMENTATION_COMMENTS = YES;
				CLANG_WARN_EMPTY_BODY = YES;
				CLANG_WARN_ENUM_CONVERSION = YES;
				CLANG_WARN_INFINITE_RECURSION = YES;
				CLANG_WARN_INT_CONVERSION = YES;
				CLANG_WARN_OBJC_ROOT_CLASS = YES_ERROR;
				CLANG_WARN_SUSPICIOUS_MOVES = YES;
				CLANG_WARN_UNREACHABLE_CODE = YES;
				CLANG_WARN__DUPLICATE_METHOD_MATCH = YES;
				"CODE_SIGN_IDENTITY[sdk=iphoneos*]" = "iPhone Developer";
				COPY_PHASE_STRIP = NO;
				DEBUG_INFORMATION_FORMAT = "dwarf-with-dsym";
				ENABLE_NS_ASSERTIONS = NO;
				ENABLE_STRICT_OBJC_MSGSEND = YES;
				GCC_C_LANGUAGE_STANDARD = gnu99;
				GCC_NO_COMMON_BLOCKS = YES;
				GCC_WARN_64_TO_32_BIT_CONVERSION = YES;
				GCC_WARN_ABOUT_RETURN_TYPE = YES_ERROR;
				GCC_WARN_UNDECLARED_SELECTOR = YES;
				GCC_WARN_UNINITIALIZED_AUTOS = YES_AGGRESSIVE;
				GCC_WARN_UNUSED_FUNCTION = YES;
				GCC_WARN_UNUSED_VARIABLE = YES;
				IPHONEOS_DEPLOYMENT_TARGET = 10.0;
				MTL_ENABLE_DEBUG_INFO = NO;
				SDKROOT = iphoneos;
				SWIFT_OPTIMIZATION_LEVEL = "-Owholemodule";
				TARGETED_DEVICE_FAMILY = "1,2";
				VALIDATE_PRODUCT = YES;
			};
			name = Release;
		};
		6525B0981D81138A005DAF97 /* Debug */ = {
			isa = XCBuildConfiguration;
			buildSettings = {
				ASSETCATALOG_COMPILER_APPICON_NAME = AppIcon;
				DEVELOPMENT_TEAM = 92A3F59JUA;
				INFOPLIST_FILE = Pills/Info.plist;
				LD_RUNPATH_SEARCH_PATHS = "$(inherited) @executable_path/Frameworks";
				PRODUCT_BUNDLE_IDENTIFIER = com.ciccio.Pills;
				PRODUCT_NAME = "$(TARGET_NAME)";
				SWIFT_VERSION = 3.0;
			};
			name = Debug;
		};
		6525B0991D81138A005DAF97 /* Release */ = {
			isa = XCBuildConfiguration;
			buildSettings = {
				ASSETCATALOG_COMPILER_APPICON_NAME = AppIcon;
				DEVELOPMENT_TEAM = 92A3F59JUA;
				INFOPLIST_FILE = Pills/Info.plist;
				LD_RUNPATH_SEARCH_PATHS = "$(inherited) @executable_path/Frameworks";
				PRODUCT_BUNDLE_IDENTIFIER = com.ciccio.Pills;
				PRODUCT_NAME = "$(TARGET_NAME)";
				SWIFT_VERSION = 3.0;
			};
			name = Release;
		};
/* End XCBuildConfiguration section */

/* Begin XCConfigurationList section */
		6525B0801D811389005DAF97 /* Build configuration list for PBXProject "Pills" */ = {
			isa = XCConfigurationList;
			buildConfigurations = (
				6525B0951D81138A005DAF97 /* Debug */,
				6525B0961D81138A005DAF97 /* Release */,
			);
			defaultConfigurationIsVisible = 0;
			defaultConfigurationName = Release;
		};
		6525B0971D81138A005DAF97 /* Build configuration list for PBXNativeTarget "Pills" */ = {
			isa = XCConfigurationList;
			buildConfigurations = (
				6525B0981D81138A005DAF97 /* Debug */,
				6525B0991D81138A005DAF97 /* Release */,
			);
			defaultConfigurationIsVisible = 0;
			defaultConfigurationName = Release;
		};
/* End XCConfigurationList section */
	};
	rootObject = 6525B07D1D811389005DAF97 /* Project object */;
}
